
Microsoft Visual Studio Solution File, Format Version 12.00
# Visual Studio Version 17
VisualStudioVersion = 17.7.34024.191
MinimumVisualStudioVersion = 10.0.40219.1
Project("{FAE04EC0-301F-11D3-BF4B-00C04F79EFBC}") = "Clases-Esquema", "interactivo-1\Clases-Esquema.csproj", "{75CE773A-EEE5-4838-AE09-A9297D4CE603}"
EndProject
Global
	GlobalSection(SolutionConfigurationPlatforms) = preSolution
		Debug|Any CPU = Debug|Any CPU
		Release|Any CPU = Release|Any CPU
	EndGlobalSection
	GlobalSection(ProjectConfigurationPlatforms) = postSolution
		{75CE773A-EEE5-4838-AE09-A9297D4CE603}.Debug|Any CPU.ActiveCfg = Debug|Any CPU
		{75CE773A-EEE5-4838-AE09-A9297D4CE603}.Debug|Any CPU.Build.0 = Debug|Any CPU
		{75CE773A-EEE5-4838-AE09-A9297D4CE603}.Release|Any CPU.ActiveCfg = Release|Any CPU
		{75CE773A-EEE5-4838-AE09-A9297D4CE603}.Release|Any CPU.Build.0 = Release|Any CPU
	EndGlobalSection
	GlobalSection(SolutionProperties) = preSolution
		HideSolutionNode = FALSE
	EndGlobalSection
	GlobalSection(ExtensibilityGlobals) = postSolution
		SolutionGuid = {C33C0F9C-13BC-4FE0-B43A-DF842D509547}
	EndGlobalSection
EndGlobal
